
Microsoft Visual Studio Solution File, Format Version 12.00
# Visual Studio Version 16
VisualStudioVersion = 16.0.30406.217
MinimumVisualStudioVersion = 10.0.40219.1
Project("{FAE04EC0-301F-11D3-BF4B-00C04F79EFBC}") = "Mytical Callout", "Mytical Callout\Mytical Callout.csproj", "{AFB30835-84AA-42E1-9A1F-B5E6D7D79341}"
EndProject
Global
	GlobalSection(SolutionConfigurationPlatforms) = preSolution
		Debug|Any CPU = Debug|Any CPU
		Release|Any CPU = Release|Any CPU
	EndGlobalSection
	GlobalSection(ProjectConfigurationPlatforms) = postSolution
		{AFB30835-84AA-42E1-9A1F-B5E6D7D79341}.Debug|Any CPU.ActiveCfg = Debug|Any CPU
		{AFB30835-84AA-42E1-9A1F-B5E6D7D79341}.Debug|Any CPU.Build.0 = Debug|Any CPU
		{AFB30835-84AA-42E1-9A1F-B5E6D7D79341}.Release|Any CPU.ActiveCfg = Release|Any CPU
		{AFB30835-84AA-42E1-9A1F-B5E6D7D79341}.Release|Any CPU.Build.0 = Release|Any CPU
	EndGlobalSection
	GlobalSection(SolutionProperties) = preSolution
		HideSolutionNode = FALSE
	EndGlobalSection
	GlobalSection(ExtensibilityGlobals) = postSolution
		SolutionGuid = {FDBA99F7-EA4E-49EF-A237-F5F10A3E884D}
	EndGlobalSection
EndGlobal
